uuid: ce660a36-74f9-4e9b-ae19-38dfd7dd4cc6
langcode: en
status: true
dependencies:
  module:
    - block
    - paragraphs
id: paragraph.field_tp_dropdown_block
field_name: field_tp_dropdown_block
entity_type: paragraph
type: entity_reference
settings:
  target_type: block
module: core
locked: false
cardinality: -1
translatable: true
indexes: {  }
persist_with_no_fields: false
custom_storage: false
