uuid: 597e1db8-2adb-4b5e-be97-6cdd7a64db76
langcode: en
status: true
dependencies:
  config:
    - block_content.type.tp_modal_block
    - field.storage.block_content.field_tp_modal_block
id: block_content.tp_modal_block.field_tp_modal_block
field_name: field_tp_modal_block
entity_type: block_content
bundle: tp_modal_block
label: Block
description: ''
required: true
translatable: false
default_value: {  }
default_value_callback: ''
settings:
  handler: 'default:block'
  handler_settings:
    target_bundles: null
    auto_create: false
field_type: entity_reference
